{
  "name": "node-examples",
  "version": "1.0.0",
  "lockfileVersion": 2,
  "requires": true,
  "packages": {
    "": {
      "name": "node-examples",
      "version": "1.0.0",
      "license": "MIT",
      "workspaces": [
        "./packages/*",
        "./v2/*"
      ]
    },
    "node_modules/19-measure-rate": {
      "resolved": "v2/19-measure-rate",
      "link": true
    },
    "node_modules/binary-search": {
      "version": "1.3.6",
      "resolved": "https://registry.npmjs.org/binary-search/-/binary-search-1.3.6.tgz",
      "integrity": "sha512-nbE1WxOTTrUWIfsfZ4aHGYu5DOuNkbxGokjV6Z2kxfJK3uaAb8zNK1muzOeipoLHZjInT4Br88BHpzevc681xA=="
    },
    "node_modules/core-util-is": {
      "version": "1.0.3",
      "resolved": "https://registry.npmjs.org/core-util-is/-/core-util-is-1.0.3.tgz",
      "integrity": "sha512-ZQBvi1DcpJ4GDqanjucZ2Hj3wEO5pZDS89BWbkcrvdxksJorwUDDZamX9ldFkp9aw2lmBDLgkObEA4DWNJ9FYQ=="
    },
    "node_modules/inherits": {
      "version": "2.0.4",
      "resolved": "https://registry.npmjs.org/inherits/-/inherits-2.0.4.tgz",
      "integrity": "sha512-k/vGaX4/Yla3WzyMCvTQOXYeIHvqOKtnqBduzTHpzpQZzAskKMhZ2K+EnBiSM9zGSoIFeMpXKxa4dYeZIQqewQ=="
    },
    "node_modules/isarray": {
      "version": "1.0.0",
      "resolved": "https://registry.npmjs.org/isarray/-/isarray-1.0.0.tgz",
      "integrity": "sha1-u5NdSFgsuhaMBoNJV6VKPgcSTxE="
    },
    "node_modules/measured-core": {
      "version": "2.0.0",
      "resolved": "https://registry.npmjs.org/measured-core/-/measured-core-2.0.0.tgz",
      "integrity": "sha512-SIzGtX1WGDvR59FqcJaGEAqDueBvLBh6W4T/gQaHr5ufcqvQkUHGcfQhlmq77mkeF5Mo+UpD+8hm69CwUVibGw==",
      "dependencies": {
        "binary-search": "^1.3.3",
        "optional-js": "^2.0.0"
      },
      "engines": {
        "node": ">= 5.12"
      }
    },
    "node_modules/ne-utils": {
      "resolved": "packages/ne-utils",
      "link": true
    },
    "node_modules/optional-js": {
      "version": "2.3.0",
      "resolved": "https://registry.npmjs.org/optional-js/-/optional-js-2.3.0.tgz",
      "integrity": "sha512-B0LLi+Vg+eko++0z/b8zIv57kp7HKEzaPJo7LowJXMUKYdf+3XJGu/cw03h/JhIOsLnP+cG5QnTHAuicjA5fMw=="
    },
    "node_modules/process-nextick-args": {
      "version": "2.0.1",
      "resolved": "https://registry.npmjs.org/process-nextick-args/-/process-nextick-args-2.0.1.tgz",
      "integrity": "sha512-3ouUOpQhtgrbOa17J7+uxOTpITYWaGP7/AhoR3+A+/1e9skrzelGi/dXzEYyvbxubEF6Wn2ypscTKiKJFFn1ag=="
    },
    "node_modules/rate-limiter-flexible": {
      "version": "2.3.6",
      "resolved": "https://registry.npmjs.org/rate-limiter-flexible/-/rate-limiter-flexible-2.3.6.tgz",
      "integrity": "sha512-8DVFOe89rreyut/vzwBI7vgXJynyYoYnH5XogtAKs0F/neAbCTTglXxSJ7fZeZamcFXZDvMidCBvps4KM+1srw=="
    },
    "node_modules/readable-stream": {
      "version": "2.3.7",
      "resolved": "https://registry.npmjs.org/readable-stream/-/readable-stream-2.3.7.tgz",
      "integrity": "sha512-Ebho8K4jIbHAxnuxi7o42OrZgF/ZTNcsZj6nRKyUmkhLFq8CHItp/fy6hQZuZmP/n3yZ9VBUbp4zz/mX8hmYPw==",
      "dependencies": {
        "core-util-is": "~1.0.0",
        "inherits": "~2.0.3",
        "isarray": "~1.0.0",
        "process-nextick-args": "~2.0.0",
        "safe-buffer": "~5.1.1",
        "string_decoder": "~1.1.1",
        "util-deprecate": "~1.0.1"
      }
    },
    "node_modules/safe-buffer": {
      "version": "5.1.2",
      "resolved": "https://registry.npmjs.org/safe-buffer/-/safe-buffer-5.1.2.tgz",
      "integrity": "sha512-Gd2UZBJDkXlY7GbJxfsE8/nvKkUEU1G38c1siN6QP6a9PT9MmHB8GnpscSmMJSoF8LOIrt8ud/wPtojys4G6+g=="
    },
    "node_modules/string_decoder": {
      "version": "1.1.1",
      "resolved": "https://registry.npmjs.org/string_decoder/-/string_decoder-1.1.1.tgz",
      "integrity": "sha512-n/ShnvDi6FHbbVfviro+WojiFzv+s8MPMHBczVePfUpDJLwoLT0ht1l4YwBCbi8pJAveEEdnkHyPyTP/mzRfwg==",
      "dependencies": {
        "safe-buffer": "~5.1.0"
      }
    },
    "node_modules/through2": {
      "version": "2.0.5",
      "resolved": "https://registry.npmjs.org/through2/-/through2-2.0.5.tgz",
      "integrity": "sha512-/mrRod8xqpA+IHSLyGCQ2s8SPHiCDEeQJSep1jqLYeEUClOFG2Qsh+4FU6G9VeqpZnGW/Su8LQGc4YKni5rYSQ==",
      "dependencies": {
        "readable-stream": "~2.3.6",
        "xtend": "~4.0.1"
      }
    },
    "node_modules/through2-concurrent": {
      "version": "2.0.0",
      "resolved": "https://registry.npmjs.org/through2-concurrent/-/through2-concurrent-2.0.0.tgz",
      "integrity": "sha512-R5/jLkfMvdmDD+seLwN7vB+mhbqzWop5fAjx5IX8/yQq7VhBhzDmhXgaHAOnhnWkCpRMM7gToYHycB0CS/pd+A==",
      "dependencies": {
        "through2": "^2.0.0"
      }
    },
    "node_modules/util-deprecate": {
      "version": "1.0.2",
      "resolved": "https://registry.npmjs.org/util-deprecate/-/util-deprecate-1.0.2.tgz",
      "integrity": "sha1-RQ1Nyfpw3nMnYvvS1KKJgUGaDM8="
    },
    "node_modules/xtend": {
      "version": "4.0.2",
      "resolved": "https://registry.npmjs.org/xtend/-/xtend-4.0.2.tgz",
      "integrity": "sha512-LKYU1iAXJXUgAXn9URjiu+MWhyUXHsvfp7mcuYm9dSUKK0/CjtrUwFAxD82/mCWbtLsGjFIad0wIsod4zrTAEQ==",
      "engines": {
        "node": ">=0.4"
      }
    },
    "packages/ne-utils": {
      "version": "1.0.0",
      "license": "ISC",
      "dependencies": {
        "rate-limiter-flexible": "^2.3.6"
      }
    },
    "v2/19-measure-rate": {
      "version": "1.0.0",
      "license": "ISC",
      "dependencies": {
        "measured-core": "^2.0.0",
        "through2-concurrent": "^2.0.0"
      }
    }
  },
  "dependencies": {
    "19-measure-rate": {
      "version": "file:v2/19-measure-rate",
      "requires": {
        "measured-core": "^2.0.0",
        "through2-concurrent": "^2.0.0"
      }
    },
    "binary-search": {
      "version": "1.3.6",
      "resolved": "https://registry.npmjs.org/binary-search/-/binary-search-1.3.6.tgz",
      "integrity": "sha512-nbE1WxOTTrUWIfsfZ4aHGYu5DOuNkbxGokjV6Z2kxfJK3uaAb8zNK1muzOeipoLHZjInT4Br88BHpzevc681xA=="
    },
    "core-util-is": {
      "version": "1.0.3",
      "resolved": "https://registry.npmjs.org/core-util-is/-/core-util-is-1.0.3.tgz",
      "integrity": "sha512-ZQBvi1DcpJ4GDqanjucZ2Hj3wEO5pZDS89BWbkcrvdxksJorwUDDZamX9ldFkp9aw2lmBDLgkObEA4DWNJ9FYQ=="
    },
    "inherits": {
      "version": "2.0.4",
      "resolved": "https://registry.npmjs.org/inherits/-/inherits-2.0.4.tgz",
      "integrity": "sha512-k/vGaX4/Yla3WzyMCvTQOXYeIHvqOKtnqBduzTHpzpQZzAskKMhZ2K+EnBiSM9zGSoIFeMpXKxa4dYeZIQqewQ=="
    },
    "isarray": {
      "version": "1.0.0",
      "resolved": "https://registry.npmjs.org/isarray/-/isarray-1.0.0.tgz",
      "integrity": "sha1-u5NdSFgsuhaMBoNJV6VKPgcSTxE="
    },
    "measured-core": {
      "version": "2.0.0",
      "resolved": "https://registry.npmjs.org/measured-core/-/measured-core-2.0.0.tgz",
      "integrity": "sha512-SIzGtX1WGDvR59FqcJaGEAqDueBvLBh6W4T/gQaHr5ufcqvQkUHGcfQhlmq77mkeF5Mo+UpD+8hm69CwUVibGw==",
      "requires": {
        "binary-search": "^1.3.3",
        "optional-js": "^2.0.0"
      }
    },
    "ne-utils": {
      "version": "file:packages/ne-utils",
      "requires": {
        "rate-limiter-flexible": "^2.3.6"
      }
    },
    "optional-js": {
      "version": "2.3.0",
      "resolved": "https://registry.npmjs.org/optional-js/-/optional-js-2.3.0.tgz",
      "integrity": "sha512-B0LLi+Vg+eko++0z/b8zIv57kp7HKEzaPJo7LowJXMUKYdf+3XJGu/cw03h/JhIOsLnP+cG5QnTHAuicjA5fMw=="
    },
    "process-nextick-args": {
      "version": "2.0.1",
      "resolved": "https://registry.npmjs.org/process-nextick-args/-/process-nextick-args-2.0.1.tgz",
      "integrity": "sha512-3ouUOpQhtgrbOa17J7+uxOTpITYWaGP7/AhoR3+A+/1e9skrzelGi/dXzEYyvbxubEF6Wn2ypscTKiKJFFn1ag=="
    },
    "rate-limiter-flexible": {
      "version": "2.3.6",
      "resolved": "https://registry.npmjs.org/rate-limiter-flexible/-/rate-limiter-flexible-2.3.6.tgz",
      "integrity": "sha512-8DVFOe89rreyut/vzwBI7vgXJynyYoYnH5XogtAKs0F/neAbCTTglXxSJ7fZeZamcFXZDvMidCBvps4KM+1srw=="
    },
    "readable-stream": {
      "version": "2.3.7",
      "resolved": "https://registry.npmjs.org/readable-stream/-/readable-stream-2.3.7.tgz",
      "integrity": "sha512-Ebho8K4jIbHAxnuxi7o42OrZgF/ZTNcsZj6nRKyUmkhLFq8CHItp/fy6hQZuZmP/n3yZ9VBUbp4zz/mX8hmYPw==",
      "requires": {
        "core-util-is": "~1.0.0",
        "inherits": "~2.0.3",
        "isarray": "~1.0.0",
        "process-nextick-args": "~2.0.0",
        "safe-buffer": "~5.1.1",
        "string_decoder": "~1.1.1",
        "util-deprecate": "~1.0.1"
      }
    },
    "safe-buffer": {
      "version": "5.1.2",
      "resolved": "https://registry.npmjs.org/safe-buffer/-/safe-buffer-5.1.2.tgz",
      "integrity": "sha512-Gd2UZBJDkXlY7GbJxfsE8/nvKkUEU1G38c1siN6QP6a9PT9MmHB8GnpscSmMJSoF8LOIrt8ud/wPtojys4G6+g=="
    },
    "string_decoder": {
      "version": "1.1.1",
      "resolved": "https://registry.npmjs.org/string_decoder/-/string_decoder-1.1.1.tgz",
      "integrity": "sha512-n/ShnvDi6FHbbVfviro+WojiFzv+s8MPMHBczVePfUpDJLwoLT0ht1l4YwBCbi8pJAveEEdnkHyPyTP/mzRfwg==",
      "requires": {
        "safe-buffer": "~5.1.0"
      }
    },
    "through2": {
      "version": "2.0.5",
      "resolved": "https://registry.npmjs.org/through2/-/through2-2.0.5.tgz",
      "integrity": "sha512-/mrRod8xqpA+IHSLyGCQ2s8SPHiCDEeQJSep1jqLYeEUClOFG2Qsh+4FU6G9VeqpZnGW/Su8LQGc4YKni5rYSQ==",
      "requires": {
        "readable-stream": "~2.3.6",
        "xtend": "~4.0.1"
      }
    },
    "through2-concurrent": {
      "version": "2.0.0",
      "resolved": "https://registry.npmjs.org/through2-concurrent/-/through2-concurrent-2.0.0.tgz",
      "integrity": "sha512-R5/jLkfMvdmDD+seLwN7vB+mhbqzWop5fAjx5IX8/yQq7VhBhzDmhXgaHAOnhnWkCpRMM7gToYHycB0CS/pd+A==",
      "requires": {
        "through2": "^2.0.0"
      }
    },
    "util-deprecate": {
      "version": "1.0.2",
      "resolved": "https://registry.npmjs.org/util-deprecate/-/util-deprecate-1.0.2.tgz",
      "integrity": "sha1-RQ1Nyfpw3nMnYvvS1KKJgUGaDM8="
    },
    "xtend": {
      "version": "4.0.2",
      "resolved": "https://registry.npmjs.org/xtend/-/xtend-4.0.2.tgz",
      "integrity": "sha512-LKYU1iAXJXUgAXn9URjiu+MWhyUXHsvfp7mcuYm9dSUKK0/CjtrUwFAxD82/mCWbtLsGjFIad0wIsod4zrTAEQ=="
    }
  }
}
