{
  "name": "14-rate-limiting",
  "version": "1.0.0",
  "lockfileVersion": 1,
  "requires": true,
  "dependencies": {
    "rate-limiter-flexible": {
      "version": "2.1.13",
      "resolved": "https://registry.npmjs.org/rate-limiter-flexible/-/rate-limiter-flexible-2.1.13.tgz",
      "integrity": "sha512-EDzvV/ee/rCBKNL5Jw0Rr0rjneT/L4zLGgVS9xB6ShfVMkV5iviWKr+2tjzgBg5kd9by5F08C9DfXfH6v/kz3w=="
    }
  }
}
