{
  "name": "14-rate-limiting",
  "version": "1.0.0",
  "lockfileVersion": 1,
  "requires": true,
  "dependencies": {
    "rate-limiter-flexible": {
      "version": "2.2.1",
      "resolved": "https://registry.npmjs.org/rate-limiter-flexible/-/rate-limiter-flexible-2.2.1.tgz",
      "integrity": "sha512-rxCP6kDDdn0cZmVqVlF06yLU+mG3TuwaHV/fUIw3OQyYhza7pzVBtdMhUmfXbBzMS+O464XP+x33pfTDGRGYVA=="
    }
  }
}
